
Microsoft Visual Studio Solution File, Format Version 12.00
# Visual Studio Version 17
VisualStudioVersion = 17.8.34322.80
MinimumVisualStudioVersion = 10.0.40219.1
Project("{9A19103F-16F7-4668-BE54-9A1E7A4F7556}") = "ConsoleAppDomainTest", "ConsoleAppDomainTest\ConsoleAppDomainTest.csproj", "{B3D005F7-7DC8-4911-86B8-BCD56DD00118}"
EndProject
Project("{FAE04EC0-301F-11D3-BF4B-00C04F79EFBC}") = "AppDomainUnitTest", "AppDomainUnitTest\AppDomainUnitTest.csproj", "{7A65E31B-6331-479F-9B56-5EC4A31B5872}"
EndProject
Global
	GlobalSection(SolutionConfigurationPlatforms) = preSolution
		Debug|Any CPU = Debug|Any CPU
		Release|Any CPU = Release|Any CPU
	EndGlobalSection
	GlobalSection(ProjectConfigurationPlatforms) = postSolution
		{B3D005F7-7DC8-4911-86B8-BCD56DD00118}.Debug|Any CPU.ActiveCfg = Debug|Any CPU
		{B3D005F7-7DC8-4911-86B8-BCD56DD00118}.Debug|Any CPU.Build.0 = Debug|Any CPU
		{B3D005F7-7DC8-4911-86B8-BCD56DD00118}.Release|Any CPU.ActiveCfg = Release|Any CPU
		{B3D005F7-7DC8-4911-86B8-BCD56DD00118}.Release|Any CPU.Build.0 = Release|Any CPU
		{7A65E31B-6331-479F-9B56-5EC4A31B5872}.Debug|Any CPU.ActiveCfg = Debug|Any CPU
		{7A65E31B-6331-479F-9B56-5EC4A31B5872}.Debug|Any CPU.Build.0 = Debug|Any CPU
		{7A65E31B-6331-479F-9B56-5EC4A31B5872}.Release|Any CPU.ActiveCfg = Release|Any CPU
		{7A65E31B-6331-479F-9B56-5EC4A31B5872}.Release|Any CPU.Build.0 = Release|Any CPU
	EndGlobalSection
	GlobalSection(SolutionProperties) = preSolution
		HideSolutionNode = FALSE
	EndGlobalSection
	GlobalSection(ExtensibilityGlobals) = postSolution
		SolutionGuid = {6A42A780-A63C-4E9A-9B1A-98D64DA2DEFD}
	EndGlobalSection
EndGlobal
